
Microsoft Visual Studio Solution File, Format Version 12.00
# Visual Studio Version 16
VisualStudioVersion = 16.0.30225.117
MinimumVisualStudioVersion = 10.0.40219.1
Project("{9A19103F-16F7-4668-BE54-9A1E7A4F7556}") = "ECommerce.Api.Products", "Ecommerce.Api.Products\ECommerce.Api.Products.csproj", "{ECBF40A4-1E60-4AFC-923C-6B10F322CDC7}"
EndProject
Project("{9A19103F-16F7-4668-BE54-9A1E7A4F7556}") = "ECommerce.Api.Customers", "ECommerce.Api.Customers\ECommerce.Api.Customers.csproj", "{6B8A42EF-AC36-416E-8850-A38891FFEC44}"
EndProject
Project("{9A19103F-16F7-4668-BE54-9A1E7A4F7556}") = "ECommerce.Api.Orders", "ECommerce.Api.Orders\ECommerce.Api.Orders.csproj", "{C6AEF19D-DF31-4761-9BB3-2C6F915704B3}"
EndProject
Project("{9A19103F-16F7-4668-BE54-9A1E7A4F7556}") = "ECommerce.Api.Search", "ECommerce.Api.Search\ECommerce.Api.Search.csproj", "{78003263-E3CA-434A-AAAE-8C4087A4A52D}"
EndProject
Project("{FAE04EC0-301F-11D3-BF4B-00C04F79EFBC}") = "ECommerce.Api.Products.Tests", "ECommerce.Api.Products.Tests\ECommerce.Api.Products.Tests.csproj", "{5F6AB2A5-9CC7-4F6C-B110-C98C307A0978}"
EndProject
Global
	GlobalSection(SolutionConfigurationPlatforms) = preSolution
		Debug|Any CPU = Debug|Any CPU
		Release|Any CPU = Release|Any CPU
	EndGlobalSection
	GlobalSection(ProjectConfigurationPlatforms) = postSolution
		{ECBF40A4-1E60-4AFC-923C-6B10F322CDC7}.Debug|Any CPU.ActiveCfg = Debug|Any CPU
		{ECBF40A4-1E60-4AFC-923C-6B10F322CDC7}.Debug|Any CPU.Build.0 = Debug|Any CPU
		{ECBF40A4-1E60-4AFC-923C-6B10F322CDC7}.Release|Any CPU.ActiveCfg = Release|Any CPU
		{ECBF40A4-1E60-4AFC-923C-6B10F322CDC7}.Release|Any CPU.Build.0 = Release|Any CPU
		{6B8A42EF-AC36-416E-8850-A38891FFEC44}.Debug|Any CPU.ActiveCfg = Debug|Any CPU
		{6B8A42EF-AC36-416E-8850-A38891FFEC44}.Debug|Any CPU.Build.0 = Debug|Any CPU
		{6B8A42EF-AC36-416E-8850-A38891FFEC44}.Release|Any CPU.ActiveCfg = Release|Any CPU
		{6B8A42EF-AC36-416E-8850-A38891FFEC44}.Release|Any CPU.Build.0 = Release|Any CPU
		{C6AEF19D-DF31-4761-9BB3-2C6F915704B3}.Debug|Any CPU.ActiveCfg = Debug|Any CPU
		{C6AEF19D-DF31-4761-9BB3-2C6F915704B3}.Debug|Any CPU.Build.0 = Debug|Any CPU
		{C6AEF19D-DF31-4761-9BB3-2C6F915704B3}.Release|Any CPU.ActiveCfg = Release|Any CPU
		{C6AEF19D-DF31-4761-9BB3-2C6F915704B3}.Release|Any CPU.Build.0 = Release|Any CPU
		{78003263-E3CA-434A-AAAE-8C4087A4A52D}.Debug|Any CPU.ActiveCfg = Debug|Any CPU
		{78003263-E3CA-434A-AAAE-8C4087A4A52D}.Debug|Any CPU.Build.0 = Debug|Any CPU
		{78003263-E3CA-434A-AAAE-8C4087A4A52D}.Release|Any CPU.ActiveCfg = Release|Any CPU
		{78003263-E3CA-434A-AAAE-8C4087A4A52D}.Release|Any CPU.Build.0 = Release|Any CPU
		{5F6AB2A5-9CC7-4F6C-B110-C98C307A0978}.Debug|Any CPU.ActiveCfg = Debug|Any CPU
		{5F6AB2A5-9CC7-4F6C-B110-C98C307A0978}.Debug|Any CPU.Build.0 = Debug|Any CPU
		{5F6AB2A5-9CC7-4F6C-B110-C98C307A0978}.Release|Any CPU.ActiveCfg = Release|Any CPU
		{5F6AB2A5-9CC7-4F6C-B110-C98C307A0978}.Release|Any CPU.Build.0 = Release|Any CPU
	EndGlobalSection
	GlobalSection(SolutionProperties) = preSolution
		HideSolutionNode = FALSE
	EndGlobalSection
	GlobalSection(ExtensibilityGlobals) = postSolution
		SolutionGuid = {019C1D91-4670-4831-9886-D83C5C7ECB13}
	EndGlobalSection
EndGlobal
